
Microsoft Visual Studio Solution File, Format Version 12.00
# Visual Studio Version 16
VisualStudioVersion = 16.0.31613.86
MinimumVisualStudioVersion = 10.0.40219.1
Project("{FAE04EC0-301F-11D3-BF4B-00C04F79EFBC}") = "WebApplication1.0", "WebApplication1.0.csproj", "{66A83DFB-9336-4C29-8882-6CBBBDEE5DCB}"
EndProject
Global
	GlobalSection(SolutionConfigurationPlatforms) = preSolution
		Debug|Any CPU = Debug|Any CPU
		Release|Any CPU = Release|Any CPU
	EndGlobalSection
	GlobalSection(ProjectConfigurationPlatforms) = postSolution
		{66A83DFB-9336-4C29-8882-6CBBBDEE5DCB}.Debug|Any CPU.ActiveCfg = Debug|Any CPU
		{66A83DFB-9336-4C29-8882-6CBBBDEE5DCB}.Debug|Any CPU.Build.0 = Debug|Any CPU
		{66A83DFB-9336-4C29-8882-6CBBBDEE5DCB}.Release|Any CPU.ActiveCfg = Release|Any CPU
		{66A83DFB-9336-4C29-8882-6CBBBDEE5DCB}.Release|Any CPU.Build.0 = Release|Any CPU
	EndGlobalSection
	GlobalSection(SolutionProperties) = preSolution
		HideSolutionNode = FALSE
	EndGlobalSection
	GlobalSection(ExtensibilityGlobals) = postSolution
		SolutionGuid = {532CA6BF-F12A-496B-ACD1-08D685597CB6}
	EndGlobalSection
EndGlobal
